PODS:
  - ScanbotBarcodeScannerSDK (0.0.3)

DEPENDENCIES:
  - ScanbotBarcodeScannerSDK (~> 0.0.3)

SPEC REPOS:
  trunk:
    - ScanbotBarcodeScannerSDK

SPEC CHECKSUMS:
  ScanbotBarcodeScannerSDK: a7c21681ae9aba5b4771638c342d5b1e78c87c1b

PODFILE CHECKSUM: 145412419a7b6ee2c1a1aa9259571a8e8227ba45

COCOAPODS: 1.8.4
