PODS:
  - ScanbotBarcodeScannerSDK (3.2.4-Beta1)

DEPENDENCIES:
  - ScanbotBarcodeScannerSDK (~> 3.2.4-Beta1)

SPEC REPOS:
  trunk:
    - ScanbotBarcodeScannerSDK

SPEC CHECKSUMS:
  ScanbotBarcodeScannerSDK: fadbd8d014635acac2f60084a8a78d0347ba6a5b

PODFILE CHECKSUM: d77672d48ac36705ca980efd02eb30a84194a0d6

COCOAPODS: 1.11.3
