PODS:
  - ScanbotBarcodeScannerSDK (1.2.0)

DEPENDENCIES:
  - ScanbotBarcodeScannerSDK (~> 1.2.0)

SPEC REPOS:
  trunk:
    - ScanbotBarcodeScannerSDK

SPEC CHECKSUMS:
  ScanbotBarcodeScannerSDK: b503f589092268eab4b63c94375a3bed0d776ca3

PODFILE CHECKSUM: 6696e514cfc56447bba97e668f78c2d74a56b0e2

COCOAPODS: 1.8.4
